
Microsoft Visual Studio Solution File, Format Version 12.00
# Visual Studio Version 17
VisualStudioVersion = 17.13.35931.197
MinimumVisualStudioVersion = 10.0.40219.1
Project("{2150E333-8FDC-42A3-9474-1A3956D46DE8}") = "WeatherHubClient", "WeatherHubClient", "{02EA681E-C7D8-13C7-8484-4AC65E1B71E8}"
EndProject
Project("{2150E333-8FDC-42A3-9474-1A3956D46DE8}") = "WeatherHubServer", "WeatherHubServer", "{369CB01D-A1A7-72D2-AABC-3F0945D148A2}"
EndProject
Project("{2150E333-8FDC-42A3-9474-1A3956D46DE8}") = "WeatherHubShared", "WeatherHubShared", "{85EB63AB-D55E-4766-B6A1-88AFA3552A83}"
EndProject
Project("{FAE04EC0-301F-11D3-BF4B-00C04F79EFBC}") = "WeatherHubClient", "WeatherHubClient\WeatherHubClient.csproj", "{629FBF21-99F4-8944-A893-3671711BD317}"
EndProject
Project("{FAE04EC0-301F-11D3-BF4B-00C04F79EFBC}") = "WeatherHubServer", "WeatherHubServer\WeatherServer\WeatherHubServer.csproj", "{D60DA434-B9A9-528F-07A5-E46B18AE8F7F}"
EndProject
Project("{FAE04EC0-301F-11D3-BF4B-00C04F79EFBC}") = "Composition", "WeatherHubServer\Composition\Composition.csproj", "{50F73C0F-1E96-74BC-0155-0B6E870DFD7E}"
EndProject
Project("{FAE04EC0-301F-11D3-BF4B-00C04F79EFBC}") = "Data", "WeatherHubServer\Data\Data.csproj", "{93273D05-F8F3-325F-B78C-0F666C5D6A9C}"
EndProject
Project("{FAE04EC0-301F-11D3-BF4B-00C04F79EFBC}") = "Infrastructure", "WeatherHubServer\Infrastructure\Infrastructure.csproj", "{48EBB438-372E-B91F-203F-16C722ABD8F2}"
EndProject
Project("{FAE04EC0-301F-11D3-BF4B-00C04F79EFBC}") = "Repositories", "WeatherHubServer\Repositories\Repositories.csproj", "{E46570CF-E014-63C1-6EC3-E8B53A7EA961}"
EndProject
Project("{FAE04EC0-301F-11D3-BF4B-00C04F79EFBC}") = "Services", "WeatherHubServer\Services\Services.csproj", "{1D4C37AC-6F69-FEB7-FFE0-75CD3BE0102B}"
EndProject
Project("{FAE04EC0-301F-11D3-BF4B-00C04F79EFBC}") = "Utils", "WeatherHubServer\Utils\Utils.csproj", "{22241333-EA5F-8594-2834-05DBB79E254A}"
EndProject
Project("{FAE04EC0-301F-11D3-BF4B-00C04F79EFBC}") = "WeatherHub.Shared", "WeatherHubShared\WeatherHub.Shared\WeatherHub.Shared.csproj", "{B40000C7-FBB1-A192-61A1-9310B2E53239}"
EndProject
Project("{FAE04EC0-301F-11D3-BF4B-00C04F79EFBC}") = "Core", "WeatherHubServer\Core\Core.csproj", "{2A48E900-A71A-E0DE-BA57-F3985FBA8057}"
EndProject
Global
	GlobalSection(SolutionConfigurationPlatforms) = preSolution
		Debug|Any CPU = Debug|Any CPU
		Release|Any CPU = Release|Any CPU
	EndGlobalSection
	GlobalSection(ProjectConfigurationPlatforms) = postSolution
		{629FBF21-99F4-8944-A893-3671711BD317}.Debug|Any CPU.ActiveCfg = Debug|Any CPU
		{629FBF21-99F4-8944-A893-3671711BD317}.Debug|Any CPU.Build.0 = Debug|Any CPU
		{629FBF21-99F4-8944-A893-3671711BD317}.Release|Any CPU.ActiveCfg = Release|Any CPU
		{629FBF21-99F4-8944-A893-3671711BD317}.Release|Any CPU.Build.0 = Release|Any CPU
		{D60DA434-B9A9-528F-07A5-E46B18AE8F7F}.Debug|Any CPU.ActiveCfg = Debug|Any CPU
		{D60DA434-B9A9-528F-07A5-E46B18AE8F7F}.Debug|Any CPU.Build.0 = Debug|Any CPU
		{D60DA434-B9A9-528F-07A5-E46B18AE8F7F}.Release|Any CPU.ActiveCfg = Release|Any CPU
		{D60DA434-B9A9-528F-07A5-E46B18AE8F7F}.Release|Any CPU.Build.0 = Release|Any CPU
		{50F73C0F-1E96-74BC-0155-0B6E870DFD7E}.Debug|Any CPU.ActiveCfg = Debug|Any CPU
		{50F73C0F-1E96-74BC-0155-0B6E870DFD7E}.Debug|Any CPU.Build.0 = Debug|Any CPU
		{50F73C0F-1E96-74BC-0155-0B6E870DFD7E}.Release|Any CPU.ActiveCfg = Release|Any CPU
		{50F73C0F-1E96-74BC-0155-0B6E870DFD7E}.Release|Any CPU.Build.0 = Release|Any CPU
		{93273D05-F8F3-325F-B78C-0F666C5D6A9C}.Debug|Any CPU.ActiveCfg = Debug|Any CPU
		{93273D05-F8F3-325F-B78C-0F666C5D6A9C}.Debug|Any CPU.Build.0 = Debug|Any CPU
		{93273D05-F8F3-325F-B78C-0F666C5D6A9C}.Release|Any CPU.ActiveCfg = Release|Any CPU
		{93273D05-F8F3-325F-B78C-0F666C5D6A9C}.Release|Any CPU.Build.0 = Release|Any CPU
		{48EBB438-372E-B91F-203F-16C722ABD8F2}.Debug|Any CPU.ActiveCfg = Debug|Any CPU
		{48EBB438-372E-B91F-203F-16C722ABD8F2}.Debug|Any CPU.Build.0 = Debug|Any CPU
		{48EBB438-372E-B91F-203F-16C722ABD8F2}.Release|Any CPU.ActiveCfg = Release|Any CPU
		{48EBB438-372E-B91F-203F-16C722ABD8F2}.Release|Any CPU.Build.0 = Release|Any CPU
		{E46570CF-E014-63C1-6EC3-E8B53A7EA961}.Debug|Any CPU.ActiveCfg = Debug|Any CPU
		{E46570CF-E014-63C1-6EC3-E8B53A7EA961}.Debug|Any CPU.Build.0 = Debug|Any CPU
		{E46570CF-E014-63C1-6EC3-E8B53A7EA961}.Release|Any CPU.ActiveCfg = Release|Any CPU
		{E46570CF-E014-63C1-6EC3-E8B53A7EA961}.Release|Any CPU.Build.0 = Release|Any CPU
		{1D4C37AC-6F69-FEB7-FFE0-75CD3BE0102B}.Debug|Any CPU.ActiveCfg = Debug|Any CPU
		{1D4C37AC-6F69-FEB7-FFE0-75CD3BE0102B}.Debug|Any CPU.Build.0 = Debug|Any CPU
		{1D4C37AC-6F69-FEB7-FFE0-75CD3BE0102B}.Release|Any CPU.ActiveCfg = Release|Any CPU
		{1D4C37AC-6F69-FEB7-FFE0-75CD3BE0102B}.Release|Any CPU.Build.0 = Release|Any CPU
		{22241333-EA5F-8594-2834-05DBB79E254A}.Debug|Any CPU.ActiveCfg = Debug|Any CPU
		{22241333-EA5F-8594-2834-05DBB79E254A}.Debug|Any CPU.Build.0 = Debug|Any CPU
		{22241333-EA5F-8594-2834-05DBB79E254A}.Release|Any CPU.ActiveCfg = Release|Any CPU
		{22241333-EA5F-8594-2834-05DBB79E254A}.Release|Any CPU.Build.0 = Release|Any CPU
		{B40000C7-FBB1-A192-61A1-9310B2E53239}.Debug|Any CPU.ActiveCfg = Debug|Any CPU
		{B40000C7-FBB1-A192-61A1-9310B2E53239}.Debug|Any CPU.Build.0 = Debug|Any CPU
		{B40000C7-FBB1-A192-61A1-9310B2E53239}.Release|Any CPU.ActiveCfg = Release|Any CPU
		{B40000C7-FBB1-A192-61A1-9310B2E53239}.Release|Any CPU.Build.0 = Release|Any CPU
		{2A48E900-A71A-E0DE-BA57-F3985FBA8057}.Debug|Any CPU.ActiveCfg = Debug|Any CPU
		{2A48E900-A71A-E0DE-BA57-F3985FBA8057}.Debug|Any CPU.Build.0 = Debug|Any CPU
		{2A48E900-A71A-E0DE-BA57-F3985FBA8057}.Release|Any CPU.ActiveCfg = Release|Any CPU
		{2A48E900-A71A-E0DE-BA57-F3985FBA8057}.Release|Any CPU.Build.0 = Release|Any CPU
	EndGlobalSection
	GlobalSection(SolutionProperties) = preSolution
		HideSolutionNode = FALSE
	EndGlobalSection
	GlobalSection(NestedProjects) = preSolution
		{629FBF21-99F4-8944-A893-3671711BD317} = {02EA681E-C7D8-13C7-8484-4AC65E1B71E8}
		{D60DA434-B9A9-528F-07A5-E46B18AE8F7F} = {369CB01D-A1A7-72D2-AABC-3F0945D148A2}
		{50F73C0F-1E96-74BC-0155-0B6E870DFD7E} = {369CB01D-A1A7-72D2-AABC-3F0945D148A2}
		{93273D05-F8F3-325F-B78C-0F666C5D6A9C} = {369CB01D-A1A7-72D2-AABC-3F0945D148A2}
		{48EBB438-372E-B91F-203F-16C722ABD8F2} = {369CB01D-A1A7-72D2-AABC-3F0945D148A2}
		{E46570CF-E014-63C1-6EC3-E8B53A7EA961} = {369CB01D-A1A7-72D2-AABC-3F0945D148A2}
		{1D4C37AC-6F69-FEB7-FFE0-75CD3BE0102B} = {369CB01D-A1A7-72D2-AABC-3F0945D148A2}
		{22241333-EA5F-8594-2834-05DBB79E254A} = {369CB01D-A1A7-72D2-AABC-3F0945D148A2}
		{B40000C7-FBB1-A192-61A1-9310B2E53239} = {85EB63AB-D55E-4766-B6A1-88AFA3552A83}
		{2A48E900-A71A-E0DE-BA57-F3985FBA8057} = {369CB01D-A1A7-72D2-AABC-3F0945D148A2}
	EndGlobalSection
	GlobalSection(ExtensibilityGlobals) = postSolution
		SolutionGuid = {7BA81F59-AFC9-46C2-B87A-1CFFC853A081}
	EndGlobalSection
EndGlobal
